// !$*UTF8*$!
{
	archiveVersion = 1;
	classes = {
	};
	objectVersion = 50;
	objects = {

/* Begin PBXBuildFile section */
		6B3B343F26453456000AAE1F /* CategoryHome.swift in Sources */ = {isa = PBXBuildFile; fileRef = 6B3B343E26453456000AAE1F /* CategoryHome.swift */; };
		6B3B344126453799000AAE1F /* CategoryRow.swift in Sources */ = {isa = PBXBuildFile; fileRef = 6B3B344026453799000AAE1F /* CategoryRow.swift */; };
		6B3B3443264539F5000AAE1F /* CategoryItem.swift in Sources */ = {isa = PBXBuildFile; fileRef = 6B3B3442264539F5000AAE1F /* CategoryItem.swift */; };
		6B3B34452646121D000AAE1F /* Profile.swift in Sources */ = {isa = PBXBuildFile; fileRef = 6B3B34442646121D000AAE1F /* Profile.swift */; };
		6B3B34482646137A000AAE1F /* ProfileHost.swift in Sources */ = {isa = PBXBuildFile; fileRef = 6B3B34472646137A000AAE1F /* ProfileHost.swift */; };
		6B3B344A264613E7000AAE1F /* ProfileSummary.swift in Sources */ = {isa = PBXBuildFile; fileRef = 6B3B3449264613E7000AAE1F /* ProfileSummary.swift */; };
		6B3B344C264615CC000AAE1F /* HikeBadge.swift in Sources */ = {isa = PBXBuildFile; fileRef = 6B3B344B264615CC000AAE1F /* HikeBadge.swift */; };
		6B3B344E26461A7B000AAE1F /* ProfileEditor.swift in Sources */ = {isa = PBXBuildFile; fileRef = 6B3B344D26461A7B000AAE1F /* ProfileEditor.swift */; };
		6B4BDD1D263FBECD009ADF6C /* landmarkData.json in Resources */ = {isa = PBXBuildFile; fileRef = 6B4BDD1C263FBECD009ADF6C /* landmarkData.json */; };
		6B4BDD1F263FBF02009ADF6C /* Landmark.swift in Sources */ = {isa = PBXBuildFile; fileRef = 6B4BDD1E263FBF02009ADF6C /* Landmark.swift */; };
		6B4BDD21263FBFCC009ADF6C /* ModelData.swift in Sources */ = {isa = PBXBuildFile; fileRef = 6B4BDD20263FBFCC009ADF6C /* ModelData.swift */; };
		6B4BDD26263FC132009ADF6C /* LandmarkRow.swift in Sources */ = {isa = PBXBuildFile; fileRef = 6B4BDD25263FC132009ADF6C /* LandmarkRow.swift */; };
		6B4BDD28263FC2D8009ADF6C /* LandmarkList.swift in Sources */ = {isa = PBXBuildFile; fileRef = 6B4BDD27263FC2D8009ADF6C /* LandmarkList.swift */; };
		6B4BDD2A263FC3BA009ADF6C /* LandmarkDetail.swift in Sources */ = {isa = PBXBuildFile; fileRef = 6B4BDD29263FC3BA009ADF6C /* LandmarkDetail.swift */; };
		6B82038326425B4B0044473D /* HexagonParamters.swift in Sources */ = {isa = PBXBuildFile; fileRef = 6B82038226425B4B0044473D /* HexagonParamters.swift */; };
		6B82038526425EEB0044473D /* BadgeBackground.swift in Sources */ = {isa = PBXBuildFile; fileRef = 6B82038426425EEB0044473D /* BadgeBackground.swift */; };
		6B820387264266250044473D /* BadgeSymbol.swift in Sources */ = {isa = PBXBuildFile; fileRef = 6B820386264266250044473D /* BadgeSymbol.swift */; };
		6B820389264266E30044473D /* RotatedBadgeSymbol.swift in Sources */ = {isa = PBXBuildFile; fileRef = 6B820388264266E30044473D /* RotatedBadgeSymbol.swift */; };
		6B82038B2642678F0044473D /* Badge.swift in Sources */ = {isa = PBXBuildFile; fileRef = 6B82038A2642678F0044473D /* Badge.swift */; };
		6B82477B26475C55001BA91B /* PageViewController.swift in Sources */ = {isa = PBXBuildFile; fileRef = 6B82477A26475C55001BA91B /* PageViewController.swift */; };
		6B82477D26475EA1001BA91B /* FeatureCard.swift in Sources */ = {isa = PBXBuildFile; fileRef = 6B82477C26475EA1001BA91B /* FeatureCard.swift */; };
		6B82477F264760A8001BA91B /* PageView.swift in Sources */ = {isa = PBXBuildFile; fileRef = 6B82477E264760A8001BA91B /* PageView.swift */; };
		6B87ACCF263E4E63006C1BB1 /* Chapter1App.swift in Sources */ = {isa = PBXBuildFile; fileRef = 6B87ACCE263E4E63006C1BB1 /* Chapter1App.swift */; };
		6B87ACD1263E4E63006C1BB1 /* ContentView.swift in Sources */ = {isa = PBXBuildFile; fileRef = 6B87ACD0263E4E63006C1BB1 /* ContentView.swift */; };
		6B87ACD3263E4E65006C1BB1 /* Assets.xcassets in Resources */ = {isa = PBXBuildFile; fileRef = 6B87ACD2263E4E65006C1BB1 /* Assets.xcassets */; };
		6B87ACD6263E4E65006C1BB1 /* Preview Assets.xcassets in Resources */ = {isa = PBXBuildFile; fileRef = 6B87ACD5263E4E65006C1BB1 /* Preview Assets.xcassets */; };
		6B87ACDE263E54E6006C1BB1 /* CircleImage.swift in Sources */ = {isa = PBXBuildFile; fileRef = 6B87ACDD263E54E6006C1BB1 /* CircleImage.swift */; };
		6B87ACE0263E5630006C1BB1 /* MapView.swift in Sources */ = {isa = PBXBuildFile; fileRef = 6B87ACDF263E5630006C1BB1 /* MapView.swift */; };
		6BB67C0B2640EA84000E8A4A /* FavoriteButton.swift in Sources */ = {isa = PBXBuildFile; fileRef = 6BB67C0A2640EA84000E8A4A /* FavoriteButton.swift */; };
		6BECB7912643EAB3008DE22C /* hikeData.json in Resources */ = {isa = PBXBuildFile; fileRef = 6BECB7902643EAB3008DE22C /* hikeData.json */; };
		6BECB7932643EAF0008DE22C /* Hike.swift in Sources */ = {isa = PBXBuildFile; fileRef = 6BECB7922643EAF0008DE22C /* Hike.swift */; };
		6BECB7992643EC76008DE22C /* GraphCapsule.swift in Sources */ = {isa = PBXBuildFile; fileRef = 6BECB7952643EC76008DE22C /* GraphCapsule.swift */; };
		6BECB79A2643EC76008DE22C /* HikeGraph.swift in Sources */ = {isa = PBXBuildFile; fileRef = 6BECB7962643EC76008DE22C /* HikeGraph.swift */; };
		6BECB79B2643EC76008DE22C /* HikeDetail.swift in Sources */ = {isa = PBXBuildFile; fileRef = 6BECB7972643EC76008DE22C /* HikeDetail.swift */; };
		6BECB79C2643EC76008DE22C /* HikeView.swift in Sources */ = {isa = PBXBuildFile; fileRef = 6BECB7982643EC76008DE22C /* HikeView.swift */; };
		6BFB363F2648D64200DA737F /* PageControl.swift in Sources */ = {isa = PBXBuildFile; fileRef = 6BFB363E2648D64200DA737F /* PageControl.swift */; };
/* End PBXBuildFile section */

/* Begin PBXFileReference section */
		6B3B343E26453456000AAE1F /* CategoryHome.swift */ = {isa = PBXFileReference; lastKnownFileType = sourcecode.swift; path = CategoryHome.swift; sourceTree = "<group>"; };
		6B3B344026453799000AAE1F /* CategoryRow.swift */ = {isa = PBXFileReference; lastKnownFileType = sourcecode.swift; path = CategoryRow.swift; sourceTree = "<group>"; };
		6B3B3442264539F5000AAE1F /* CategoryItem.swift */ = {isa = PBXFileReference; lastKnownFileType = sourcecode.swift; path = CategoryItem.swift; sourceTree = "<group>"; };
		6B3B34442646121D000AAE1F /* Profile.swift */ = {isa = PBXFileReference; lastKnownFileType = sourcecode.swift; path = Profile.swift; sourceTree = "<group>"; };
		6B3B34472646137A000AAE1F /* ProfileHost.swift */ = {isa = PBXFileReference; lastKnownFileType = sourcecode.swift; path = ProfileHost.swift; sourceTree = "<group>"; };
		6B3B3449264613E7000AAE1F /* ProfileSummary.swift */ = {isa = PBXFileReference; lastKnownFileType = sourcecode.swift; path = ProfileSummary.swift; sourceTree = "<group>"; };
		6B3B344B264615CC000AAE1F /* HikeBadge.swift */ = {isa = PBXFileReference; lastKnownFileType = sourcecode.swift; path = HikeBadge.swift; sourceTree = "<group>"; };
		6B3B344D26461A7B000AAE1F /* ProfileEditor.swift */ = {isa = PBXFileReference; lastKnownFileType = sourcecode.swift; path = ProfileEditor.swift; sourceTree = "<group>"; };
		6B4BDD1C263FBECD009ADF6C /* landmarkData.json */ = {isa = PBXFileReference; fileEncoding = 4; lastKnownFileType = text.json; path = landmarkData.json; sourceTree = "<group>"; };
		6B4BDD1E263FBF02009ADF6C /* Landmark.swift */ = {isa = PBXFileReference; lastKnownFileType = sourcecode.swift; path = Landmark.swift; sourceTree = "<group>"; };
		6B4BDD20263FBFCC009ADF6C /* ModelData.swift */ = {isa = PBXFileReference; lastKnownFileType = sourcecode.swift; path = ModelData.swift; sourceTree = "<group>"; };
		6B4BDD25263FC132009ADF6C /* LandmarkRow.swift */ = {isa = PBXFileReference; lastKnownFileType = sourcecode.swift; path = LandmarkRow.swift; sourceTree = "<group>"; };
		6B4BDD27263FC2D8009ADF6C /* LandmarkList.swift */ = {isa = PBXFileReference; lastKnownFileType = sourcecode.swift; path = LandmarkList.swift; sourceTree = "<group>"; };
		6B4BDD29263FC3BA009ADF6C /* LandmarkDetail.swift */ = {isa = PBXFileReference; lastKnownFileType = sourcecode.swift; path = LandmarkDetail.swift; sourceTree = "<group>"; };
		6B82038226425B4B0044473D /* HexagonParamters.swift */ = {isa = PBXFileReference; lastKnownFileType = sourcecode.swift; path = HexagonParamters.swift; sourceTree = "<group>"; };
		6B82038426425EEB0044473D /* BadgeBackground.swift */ = {isa = PBXFileReference; lastKnownFileType = sourcecode.swift; path = BadgeBackground.swift; sourceTree = "<group>"; };
		6B820386264266250044473D /* BadgeSymbol.swift */ = {isa = PBXFileReference; lastKnownFileType = sourcecode.swift; path = BadgeSymbol.swift; sourceTree = "<group>"; };
		6B820388264266E30044473D /* RotatedBadgeSymbol.swift */ = {isa = PBXFileReference; lastKnownFileType = sourcecode.swift; path = RotatedBadgeSymbol.swift; sourceTree = "<group>"; };
		6B82038A2642678F0044473D /* Badge.swift */ = {isa = PBXFileReference; lastKnownFileType = sourcecode.swift; path = Badge.swift; sourceTree = "<group>"; };
		6B82477A26475C55001BA91B /* PageViewController.swift */ = {isa = PBXFileReference; lastKnownFileType = sourcecode.swift; path = PageViewController.swift; sourceTree = "<group>"; };
		6B82477C26475EA1001BA91B /* FeatureCard.swift */ = {isa = PBXFileReference; lastKnownFileType = sourcecode.swift; path = FeatureCard.swift; sourceTree = "<group>"; };
		6B82477E264760A8001BA91B /* PageView.swift */ = {isa = PBXFileReference; lastKnownFileType = sourcecode.swift; path = PageView.swift; sourceTree = "<group>"; };
		6B87ACCB263E4E63006C1BB1 /* Chapter1.app */ = {isa = PBXFileReference; explicitFileType = wrapper.application; includeInIndex = 0; path = Chapter1.app; sourceTree = BUILT_PRODUCTS_DIR; };
		6B87ACCE263E4E63006C1BB1 /* Chapter1App.swift */ = {isa = PBXFileReference; lastKnownFileType = sourcecode.swift; path = Chapter1App.swift; sourceTree = "<group>"; };
		6B87ACD0263E4E63006C1BB1 /* ContentView.swift */ = {isa = PBXFileReference; lastKnownFileType = sourcecode.swift; path = ContentView.swift; sourceTree = "<group>"; };
		6B87ACD2263E4E65006C1BB1 /* Assets.xcassets */ = {isa = PBXFileReference; lastKnownFileType = folder.assetcatalog; path = Assets.xcassets; sourceTree = "<group>"; };
		6B87ACD5263E4E65006C1BB1 /* Preview Assets.xcassets */ = {isa = PBXFileReference; lastKnownFileType = folder.assetcatalog; path = "Preview Assets.xcassets"; sourceTree = "<group>"; };
		6B87ACD7263E4E65006C1BB1 /* Info.plist */ = {isa = PBXFileReference; lastKnownFileType = text.plist.xml; path = Info.plist; sourceTree = "<group>"; };
		6B87ACDD263E54E6006C1BB1 /* CircleImage.swift */ = {isa = PBXFileReference; lastKnownFileType = sourcecode.swift; path = CircleImage.swift; sourceTree = "<group>"; };
		6B87ACDF263E5630006C1BB1 /* MapView.swift */ = {isa = PBXFileReference; lastKnownFileType = sourcecode.swift; path = MapView.swift; sourceTree = "<group>"; };
		6BB67C0A2640EA84000E8A4A /* FavoriteButton.swift */ = {isa = PBXFileReference; lastKnownFileType = sourcecode.swift; path = FavoriteButton.swift; sourceTree = "<group>"; };
		6BECB7902643EAB3008DE22C /* hikeData.json */ = {isa = PBXFileReference; fileEncoding = 4; lastKnownFileType = text.json; path = hikeData.json; sourceTree = "<group>"; };
		6BECB7922643EAF0008DE22C /* Hike.swift */ = {isa = PBXFileReference; lastKnownFileType = sourcecode.swift; path = Hike.swift; sourceTree = "<group>"; };
		6BECB7952643EC76008DE22C /* GraphCapsule.swift */ = {isa = PBXFileReference; fileEncoding = 4; lastKnownFileType = sourcecode.swift; path = GraphCapsule.swift; sourceTree = "<group>"; };
		6BECB7962643EC76008DE22C /* HikeGraph.swift */ = {isa = PBXFileReference; fileEncoding = 4; lastKnownFileType = sourcecode.swift; path = HikeGraph.swift; sourceTree = "<group>"; };
		6BECB7972643EC76008DE22C /* HikeDetail.swift */ = {isa = PBXFileReference; fileEncoding = 4; lastKnownFileType = sourcecode.swift; path = HikeDetail.swift; sourceTree = "<group>"; };
		6BECB7982643EC76008DE22C /* HikeView.swift */ = {isa = PBXFileReference; fileEncoding = 4; lastKnownFileType = sourcecode.swift; path = HikeView.swift; sourceTree = "<group>"; };
		6BFB363E2648D64200DA737F /* PageControl.swift */ = {isa = PBXFileReference; lastKnownFileType = sourcecode.swift; path = PageControl.swift; sourceTree = "<group>"; };
/* End PBXFileReference section */

/* Begin PBXFrameworksBuildPhase section */
		6B87ACC8263E4E63006C1BB1 /* Frameworks */ = {
			isa = PBXFrameworksBuildPhase;
			buildActionMask = 2147483647;
			files = (
			);
			runOnlyForDeploymentPostprocessing = 0;
		};
/* End PBXFrameworksBuildPhase section */

/* Begin PBXGroup section */
		6B3B343D2645343A000AAE1F /* Categories */ = {
			isa = PBXGroup;
			children = (
				6B3B343E26453456000AAE1F /* CategoryHome.swift */,
				6B3B344026453799000AAE1F /* CategoryRow.swift */,
				6B3B3442264539F5000AAE1F /* CategoryItem.swift */,
			);
			path = Categories;
			sourceTree = "<group>";
		};
		6B3B344626461361000AAE1F /* Profiles */ = {
			isa = PBXGroup;
			children = (
				6B3B34472646137A000AAE1F /* ProfileHost.swift */,
				6B3B3449264613E7000AAE1F /* ProfileSummary.swift */,
				6B3B344D26461A7B000AAE1F /* ProfileEditor.swift */,
			);
			path = Profiles;
			sourceTree = "<group>";
		};
		6B4BDD22263FC0EF009ADF6C /* Resources */ = {
			isa = PBXGroup;
			children = (
				6BECB7902643EAB3008DE22C /* hikeData.json */,
				6B4BDD1C263FBECD009ADF6C /* landmarkData.json */,
			);
			path = Resources;
			sourceTree = "<group>";
		};
		6B4BDD23263FC0F9009ADF6C /* Model */ = {
			isa = PBXGroup;
			children = (
				6B4BDD1E263FBF02009ADF6C /* Landmark.swift */,
				6B4BDD20263FBFCC009ADF6C /* ModelData.swift */,
				6BECB7922643EAF0008DE22C /* Hike.swift */,
				6B3B34442646121D000AAE1F /* Profile.swift */,
			);
			path = Model;
			sourceTree = "<group>";
		};
		6B4BDD24263FC0FF009ADF6C /* Views */ = {
			isa = PBXGroup;
			children = (
				6B82477926475C36001BA91B /* PageView */,
				6B3B344626461361000AAE1F /* Profiles */,
				6B3B343D2645343A000AAE1F /* Categories */,
				6BECB7942643EC76008DE22C /* Hikes */,
				6BB67C0E2640EB91000E8A4A /* Landmarks */,
				6BB67C0D2640EB8A000E8A4A /* Helpers */,
				6B87ACD0263E4E63006C1BB1 /* ContentView.swift */,
			);
			path = Views;
			sourceTree = "<group>";
		};
		6B82038C264269260044473D /* Badges */ = {
			isa = PBXGroup;
			children = (
				6B82038226425B4B0044473D /* HexagonParamters.swift */,
				6B82038426425EEB0044473D /* BadgeBackground.swift */,
				6B820386264266250044473D /* BadgeSymbol.swift */,
				6B820388264266E30044473D /* RotatedBadgeSymbol.swift */,
				6B82038A2642678F0044473D /* Badge.swift */,
			);
			path = Badges;
			sourceTree = "<group>";
		};
		6B82477926475C36001BA91B /* PageView */ = {
			isa = PBXGroup;
			children = (
				6B82477A26475C55001BA91B /* PageViewController.swift */,
				6B82477C26475EA1001BA91B /* FeatureCard.swift */,
				6B82477E264760A8001BA91B /* PageView.swift */,
				6BFB363E2648D64200DA737F /* PageControl.swift */,
			);
			path = PageView;
			sourceTree = "<group>";
		};
		6B87ACC2263E4E63006C1BB1 = {
			isa = PBXGroup;
			children = (
				6B87ACCD263E4E63006C1BB1 /* Chapter1 */,
				6B87ACCC263E4E63006C1BB1 /* Products */,
			);
			sourceTree = "<group>";
		};
		6B87ACCC263E4E63006C1BB1 /* Products */ = {
			isa = PBXGroup;
			children = (
				6B87ACCB263E4E63006C1BB1 /* Chapter1.app */,
			);
			name = Products;
			sourceTree = "<group>";
		};
		6B87ACCD263E4E63006C1BB1 /* Chapter1 */ = {
			isa = PBXGroup;
			children = (
				6B82038C264269260044473D /* Badges */,
				6B4BDD24263FC0FF009ADF6C /* Views */,
				6B4BDD23263FC0F9009ADF6C /* Model */,
				6B4BDD22263FC0EF009ADF6C /* Resources */,
				6B87ACCE263E4E63006C1BB1 /* Chapter1App.swift */,
				6B87ACD2263E4E65006C1BB1 /* Assets.xcassets */,
				6B87ACD7263E4E65006C1BB1 /* Info.plist */,
				6B87ACD4263E4E65006C1BB1 /* Preview Content */,
			);
			path = Chapter1;
			sourceTree = "<group>";
		};
		6B87ACD4263E4E65006C1BB1 /* Preview Content */ = {
			isa = PBXGroup;
			children = (
				6B87ACD5263E4E65006C1BB1 /* Preview Assets.xcassets */,
			);
			path = "Preview Content";
			sourceTree = "<group>";
		};
		6BB67C0D2640EB8A000E8A4A /* Helpers */ = {
			isa = PBXGroup;
			children = (
				6B87ACDD263E54E6006C1BB1 /* CircleImage.swift */,
				6B87ACDF263E5630006C1BB1 /* MapView.swift */,
				6BB67C0A2640EA84000E8A4A /* FavoriteButton.swift */,
			);
			path = Helpers;
			sourceTree = "<group>";
		};
		6BB67C0E2640EB91000E8A4A /* Landmarks */ = {
			isa = PBXGroup;
			children = (
				6B4BDD25263FC132009ADF6C /* LandmarkRow.swift */,
				6B4BDD27263FC2D8009ADF6C /* LandmarkList.swift */,
				6B4BDD29263FC3BA009ADF6C /* LandmarkDetail.swift */,
			);
			path = Landmarks;
			sourceTree = "<group>";
		};
		6BECB7942643EC76008DE22C /* Hikes */ = {
			isa = PBXGroup;
			children = (
				6BECB7952643EC76008DE22C /* GraphCapsule.swift */,
				6BECB7962643EC76008DE22C /* HikeGraph.swift */,
				6BECB7972643EC76008DE22C /* HikeDetail.swift */,
				6BECB7982643EC76008DE22C /* HikeView.swift */,
				6B3B344B264615CC000AAE1F /* HikeBadge.swift */,
			);
			path = Hikes;
			sourceTree = "<group>";
		};
/* End PBXGroup section */

/* Begin PBXNativeTarget section */
		6B87ACCA263E4E63006C1BB1 /* Chapter1 */ = {
			isa = PBXNativeTarget;
			buildConfigurationList = 6B87ACDA263E4E65006C1BB1 /* Build configuration list for PBXNativeTarget "Chapter1" */;
			buildPhases = (
				6B87ACC7263E4E63006C1BB1 /* Sources */,
				6B87ACC8263E4E63006C1BB1 /* Frameworks */,
				6B87ACC9263E4E63006C1BB1 /* Resources */,
			);
			buildRules = (
			);
			dependencies = (
			);
			name = Chapter1;
			productName = Chapter1;
			productReference = 6B87ACCB263E4E63006C1BB1 /* Chapter1.app */;
			productType = "com.apple.product-type.application";
		};
/* End PBXNativeTarget section */

/* Begin PBXProject section */
		6B87ACC3263E4E63006C1BB1 /* Project object */ = {
			isa = PBXProject;
			attributes = {
				LastSwiftUpdateCheck = 1250;
				LastUpgradeCheck = 1250;
				TargetAttributes = {
					6B87ACCA263E4E63006C1BB1 = {
						CreatedOnToolsVersion = 12.5;
					};
				};
			};
			buildConfigurationList = 6B87ACC6263E4E63006C1BB1 /* Build configuration list for PBXProject "Chapter1" */;
			compatibilityVersion = "Xcode 9.3";
			developmentRegion = en;
			hasScannedForEncodings = 0;
			knownRegions = (
				en,
				Base,
			);
			mainGroup = 6B87ACC2263E4E63006C1BB1;
			productRefGroup = 6B87ACCC263E4E63006C1BB1 /* Products */;
			projectDirPath = "";
			projectRoot = "";
			targets = (
				6B87ACCA263E4E63006C1BB1 /* Chapter1 */,
			);
		};
/* End PBXProject section */

/* Begin PBXResourcesBuildPhase section */
		6B87ACC9263E4E63006C1BB1 /* Resources */ = {
			isa = PBXResourcesBuildPhase;
			buildActionMask = 2147483647;
			files = (
				6BECB7912643EAB3008DE22C /* hikeData.json in Resources */,
				6B87ACD6263E4E65006C1BB1 /* Preview Assets.xcassets in Resources */,
				6B87ACD3263E4E65006C1BB1 /* Assets.xcassets in Resources */,
				6B4BDD1D263FBECD009ADF6C /* landmarkData.json in Resources */,
			);
			runOnlyForDeploymentPostprocessing = 0;
		};
/* End PBXResourcesBuildPhase section */

/* Begin PBXSourcesBuildPhase section */
		6B87ACC7263E4E63006C1BB1 /* Sources */ = {
			isa = PBXSourcesBuildPhase;
			buildActionMask = 2147483647;
			files = (
				6B3B344126453799000AAE1F /* CategoryRow.swift in Sources */,
				6B3B34452646121D000AAE1F /* Profile.swift in Sources */,
				6B82038326425B4B0044473D /* HexagonParamters.swift in Sources */,
				6B3B343F26453456000AAE1F /* CategoryHome.swift in Sources */,
				6B82477D26475EA1001BA91B /* FeatureCard.swift in Sources */,
				6BECB79A2643EC76008DE22C /* HikeGraph.swift in Sources */,
				6B82038B2642678F0044473D /* Badge.swift in Sources */,
				6B87ACD1263E4E63006C1BB1 /* ContentView.swift in Sources */,
				6BECB7992643EC76008DE22C /* GraphCapsule.swift in Sources */,
				6B87ACE0263E5630006C1BB1 /* MapView.swift in Sources */,
				6BFB363F2648D64200DA737F /* PageControl.swift in Sources */,
				6B87ACCF263E4E63006C1BB1 /* Chapter1App.swift in Sources */,
				6B3B3443264539F5000AAE1F /* CategoryItem.swift in Sources */,
				6BECB79B2643EC76008DE22C /* HikeDetail.swift in Sources */,
				6B3B344A264613E7000AAE1F /* ProfileSummary.swift in Sources */,
				6BB67C0B2640EA84000E8A4A /* FavoriteButton.swift in Sources */,
				6B3B34482646137A000AAE1F /* ProfileHost.swift in Sources */,
				6BECB7932643EAF0008DE22C /* Hike.swift in Sources */,
				6B820389264266E30044473D /* RotatedBadgeSymbol.swift in Sources */,
				6B82477F264760A8001BA91B /* PageView.swift in Sources */,
				6B820387264266250044473D /* BadgeSymbol.swift in Sources */,
				6B3B344E26461A7B000AAE1F /* ProfileEditor.swift in Sources */,
				6B4BDD28263FC2D8009ADF6C /* LandmarkList.swift in Sources */,
				6BECB79C2643EC76008DE22C /* HikeView.swift in Sources */,
				6B4BDD2A263FC3BA009ADF6C /* LandmarkDetail.swift in Sources */,
				6B82477B26475C55001BA91B /* PageViewController.swift in Sources */,
				6B82038526425EEB0044473D /* BadgeBackground.swift in Sources */,
				6B3B344C264615CC000AAE1F /* HikeBadge.swift in Sources */,
				6B87ACDE263E54E6006C1BB1 /* CircleImage.swift in Sources */,
				6B4BDD1F263FBF02009ADF6C /* Landmark.swift in Sources */,
				6B4BDD26263FC132009ADF6C /* LandmarkRow.swift in Sources */,
				6B4BDD21263FBFCC009ADF6C /* ModelData.swift in Sources */,
			);
			runOnlyForDeploymentPostprocessing = 0;
		};
/* End PBXSourcesBuildPhase section */

/* Begin XCBuildConfiguration section */
		6B87ACD8263E4E65006C1BB1 /* Debug */ = {
			isa = XCBuildConfiguration;
			buildSettings = {
				ALWAYS_SEARCH_USER_PATHS = NO;
				CLANG_ANALYZER_NONNULL = YES;
				CLANG_ANALYZER_NUMBER_OBJECT_CONVERSION = YES_AGGRESSIVE;
				CLANG_CXX_LANGUAGE_STANDARD = "gnu++14";
				CLANG_CXX_LIBRARY = "libc++";
				CLANG_ENABLE_MODULES = YES;
				CLANG_ENABLE_OBJC_ARC = YES;
				CLANG_ENABLE_OBJC_WEAK = YES;
				CLANG_WARN_BLOCK_CAPTURE_AUTORELEASING = YES;
				CLANG_WARN_BOOL_CONVERSION = YES;
				CLANG_WARN_COMMA = YES;
				CLANG_WARN_CONSTANT_CONVERSION = YES;
				CLANG_WARN_DEPRECATED_OBJC_IMPLEMENTATIONS = YES;
				CLANG_WARN_DIRECT_OBJC_ISA_USAGE = YES_ERROR;
				CLANG_WARN_DOCUMENTATION_COMMENTS = YES;
				CLANG_WARN_EMPTY_BODY = YES;
				CLANG_WARN_ENUM_CONVERSION = YES;
				CLANG_WARN_INFINITE_RECURSION = YES;
				CLANG_WARN_INT_CONVERSION = YES;
				CLANG_WARN_NON_LITERAL_NULL_CONVERSION = YES;
				CLANG_WARN_OBJC_IMPLICIT_RETAIN_SELF = YES;
				CLANG_WARN_OBJC_LITERAL_CONVERSION = YES;
				CLANG_WARN_OBJC_ROOT_CLASS = YES_ERROR;
				CLANG_WARN_QUOTED_INCLUDE_IN_FRAMEWORK_HEADER = YES;
				CLANG_WARN_RANGE_LOOP_ANALYSIS = YES;
				CLANG_WARN_STRICT_PROTOTYPES = YES;
				CLANG_WARN_SUSPICIOUS_MOVE = YES;
				CLANG_WARN_UNGUARDED_AVAILABILITY = YES_AGGRESSIVE;
				CLANG_WARN_UNREACHABLE_CODE = YES;
				CLANG_WARN__DUPLICATE_METHOD_MATCH = YES;
				COPY_PHASE_STRIP = NO;
				DEBUG_INFORMATION_FORMAT = dwarf;
				ENABLE_STRICT_OBJC_MSGSEND = YES;
				ENABLE_TESTABILITY = YES;
				GCC_C_LANGUAGE_STANDARD = gnu11;
				GCC_DYNAMIC_NO_PIC = NO;
				GCC_NO_COMMON_BLOCKS = YES;
				GCC_OPTIMIZATION_LEVEL = 0;
				GCC_PREPROCESSOR_DEFINITIONS = (
					"DEBUG=1",
					"$(inherited)",
				);
				GCC_WARN_64_TO_32_BIT_CONVERSION = YES;
				GCC_WARN_ABOUT_RETURN_TYPE = YES_ERROR;
				GCC_WARN_UNDECLARED_SELECTOR = YES;
				GCC_WARN_UNINITIALIZED_AUTOS = YES_AGGRESSIVE;
				GCC_WARN_UNUSED_FUNCTION = YES;
				GCC_WARN_UNUSED_VARIABLE = YES;
				IPHONEOS_DEPLOYMENT_TARGET = 14.5;
				MTL_ENABLE_DEBUG_INFO = INCLUDE_SOURCE;
				MTL_FAST_MATH = YES;
				ONLY_ACTIVE_ARCH = YES;
				SDKROOT = iphoneos;
				SWIFT_ACTIVE_COMPILATION_CONDITIONS = DEBUG;
				SWIFT_OPTIMIZATION_LEVEL = "-Onone";
			};
			name = Debug;
		};
		6B87ACD9263E4E65006C1BB1 /* Release */ = {
			isa = XCBuildConfiguration;
			buildSettings = {
				ALWAYS_SEARCH_USER_PATHS = NO;
				CLANG_ANALYZER_NONNULL = YES;
				CLANG_ANALYZER_NUMBER_OBJECT_CONVERSION = YES_AGGRESSIVE;
				CLANG_CXX_LANGUAGE_STANDARD = "gnu++14";
				CLANG_CXX_LIBRARY = "libc++";
				CLANG_ENABLE_MODULES = YES;
				CLANG_ENABLE_OBJC_ARC = YES;
				CLANG_ENABLE_OBJC_WEAK = YES;
				CLANG_WARN_BLOCK_CAPTURE_AUTORELEASING = YES;
				CLANG_WARN_BOOL_CONVERSION = YES;
				CLANG_WARN_COMMA = YES;
				CLANG_WARN_CONSTANT_CONVERSION = YES;
				CLANG_WARN_DEPRECATED_OBJC_IMPLEMENTATIONS = YES;
				CLANG_WARN_DIRECT_OBJC_ISA_USAGE = YES_ERROR;
				CLANG_WARN_DOCUMENTATION_COMMENTS = YES;
				CLANG_WARN_EMPTY_BODY = YES;
				CLANG_WARN_ENUM_CONVERSION = YES;
				CLANG_WARN_INFINITE_RECURSION = YES;
				CLANG_WARN_INT_CONVERSION = YES;
				CLANG_WARN_NON_LITERAL_NULL_CONVERSION = YES;
				CLANG_WARN_OBJC_IMPLICIT_RETAIN_SELF = YES;
				CLANG_WARN_OBJC_LITERAL_CONVERSION = YES;
				CLANG_WARN_OBJC_ROOT_CLASS = YES_ERROR;
				CLANG_WARN_QUOTED_INCLUDE_IN_FRAMEWORK_HEADER = YES;
				CLANG_WARN_RANGE_LOOP_ANALYSIS = YES;
				CLANG_WARN_STRICT_PROTOTYPES = YES;
				CLANG_WARN_SUSPICIOUS_MOVE = YES;
				CLANG_WARN_UNGUARDED_AVAILABILITY = YES_AGGRESSIVE;
				CLANG_WARN_UNREACHABLE_CODE = YES;
				CLANG_WARN__DUPLICATE_METHOD_MATCH = YES;
				COPY_PHASE_STRIP = NO;
				DEBUG_INFORMATION_FORMAT = "dwarf-with-dsym";
				ENABLE_NS_ASSERTIONS = NO;
				ENABLE_STRICT_OBJC_MSGSEND = YES;
				GCC_C_LANGUAGE_STANDARD = gnu11;
				GCC_NO_COMMON_BLOCKS = YES;
				GCC_WARN_64_TO_32_BIT_CONVERSION = YES;
				GCC_WARN_ABOUT_RETURN_TYPE = YES_ERROR;
				GCC_WARN_UNDECLARED_SELECTOR = YES;
				GCC_WARN_UNINITIALIZED_AUTOS = YES_AGGRESSIVE;
				GCC_WARN_UNUSED_FUNCTION = YES;
				GCC_WARN_UNUSED_VARIABLE = YES;
				IPHONEOS_DEPLOYMENT_TARGET = 14.5;
				MTL_ENABLE_DEBUG_INFO = NO;
				MTL_FAST_MATH = YES;
				SDKROOT = iphoneos;
				SWIFT_COMPILATION_MODE = wholemodule;
				SWIFT_OPTIMIZATION_LEVEL = "-O";
				VALIDATE_PRODUCT = YES;
			};
			name = Release;
		};
		6B87ACDB263E4E65006C1BB1 /* Debug */ = {
			isa = XCBuildConfiguration;
			buildSettings = {
				ASSETCATALOG_COMPILER_APPICON_NAME = AppIcon;
				ASSETCATALOG_COMPILER_GLOBAL_ACCENT_COLOR_NAME = AccentColor;
				CODE_SIGN_STYLE = Automatic;
				DEVELOPMENT_ASSET_PATHS = "\"Chapter1/Preview Content\"";
				DEVELOPMENT_TEAM = 5T7Z9C78A9;
				ENABLE_PREVIEWS = YES;
				INFOPLIST_FILE = Chapter1/Info.plist;
				IPHONEOS_DEPLOYMENT_TARGET = 14.0;
				LD_RUNPATH_SEARCH_PATHS = (
					"$(inherited)",
					"@executable_path/Frameworks",
				);
				PRODUCT_BUNDLE_IDENTIFIER = parkjonghun.Chapter1;
				PRODUCT_NAME = "$(TARGET_NAME)";
				SWIFT_VERSION = 5.0;
				TARGETED_DEVICE_FAMILY = "1,2";
			};
			name = Debug;
		};
		6B87ACDC263E4E65006C1BB1 /* Release */ = {
			isa = XCBuildConfiguration;
			buildSettings = {
				ASSETCATALOG_COMPILER_APPICON_NAME = AppIcon;
				ASSETCATALOG_COMPILER_GLOBAL_ACCENT_COLOR_NAME = AccentColor;
				CODE_SIGN_STYLE = Automatic;
				DEVELOPMENT_ASSET_PATHS = "\"Chapter1/Preview Content\"";
				DEVELOPMENT_TEAM = 5T7Z9C78A9;
				ENABLE_PREVIEWS = YES;
				INFOPLIST_FILE = Chapter1/Info.plist;
				IPHONEOS_DEPLOYMENT_TARGET = 14.0;
				LD_RUNPATH_SEARCH_PATHS = (
					"$(inherited)",
					"@executable_path/Frameworks",
				);
				PRODUCT_BUNDLE_IDENTIFIER = parkjonghun.Chapter1;
				PRODUCT_NAME = "$(TARGET_NAME)";
				SWIFT_VERSION = 5.0;
				TARGETED_DEVICE_FAMILY = "1,2";
			};
			name = Release;
		};
/* End XCBuildConfiguration section */

/* Begin XCConfigurationList section */
		6B87ACC6263E4E63006C1BB1 /* Build configuration list for PBXProject "Chapter1" */ = {
			isa = XCConfigurationList;
			buildConfigurations = (
				6B87ACD8263E4E65006C1BB1 /* Debug */,
				6B87ACD9263E4E65006C1BB1 /* Release */,
			);
			defaultConfigurationIsVisible = 0;
			defaultConfigurationName = Release;
		};
		6B87ACDA263E4E65006C1BB1 /* Build configuration list for PBXNativeTarget "Chapter1" */ = {
			isa = XCConfigurationList;
			buildConfigurations = (
				6B87ACDB263E4E65006C1BB1 /* Debug */,
				6B87ACDC263E4E65006C1BB1 /* Release */,
			);
			defaultConfigurationIsVisible = 0;
			defaultConfigurationName = Release;
		};
/* End XCConfigurationList section */
	};
	rootObject = 6B87ACC3263E4E63006C1BB1 /* Project object */;
}
